
Microsoft Visual Studio Solution File, Format Version 12.00
# Visual Studio Version 17
VisualStudioVersion = 17.14.36301.6 d17.14
MinimumVisualStudioVersion = 10.0.40219.1
Project("{FAE04EC0-301F-11D3-BF4B-00C04F79EFBC}") = "Infrastructure", "Infrastructure\Infrastructure.csproj", "{2EE34026-4CD5-47A2-95C7-4EB3D19B7352}"
EndProject
Global
	GlobalSection(SolutionConfigurationPlatforms) = preSolution
		Debug|Any CPU = Debug|Any CPU
		Release|Any CPU = Release|Any CPU
	EndGlobalSection
	GlobalSection(ProjectConfigurationPlatforms) = postSolution
		{2EE34026-4CD5-47A2-95C7-4EB3D19B7352}.Debug|Any CPU.ActiveCfg = Debug|Any CPU
		{2EE34026-4CD5-47A2-95C7-4EB3D19B7352}.Debug|Any CPU.Build.0 = Debug|Any CPU
		{2EE34026-4CD5-47A2-95C7-4EB3D19B7352}.Release|Any CPU.ActiveCfg = Release|Any CPU
		{2EE34026-4CD5-47A2-95C7-4EB3D19B7352}.Release|Any CPU.Build.0 = Release|Any CPU
	EndGlobalSection
	GlobalSection(SolutionProperties) = preSolution
		HideSolutionNode = FALSE
	EndGlobalSection
	GlobalSection(ExtensibilityGlobals) = postSolution
		SolutionGuid = {1BC751C2-22CF-4EF8-B622-4E5F8814DA4A}
	EndGlobalSection
EndGlobal
